
Microsoft Visual Studio Solution File, Format Version 12.00
# Visual Studio Version 17
VisualStudioVersion = 17.3.32929.385
MinimumVisualStudioVersion = 10.0.40219.1
Project("{FAE04EC0-301F-11D3-BF4B-00C04F79EFBC}") = "Client", "Client\Client.csproj", "{D0719983-F001-4FE2-9E91-C31F718A92D9}"
EndProject
Project("{FAE04EC0-301F-11D3-BF4B-00C04F79EFBC}") = "CommandStuff", "CommandStuff\CommandStuff.csproj", "{011DA01A-6194-4D5D-83A6-702E1411AED3}"
EndProject
Project("{FAE04EC0-301F-11D3-BF4B-00C04F79EFBC}") = "Server", "Server\Server.csproj", "{4EE32BC6-B19B-4DC9-A3D4-011E597B6EB1}"
EndProject
Global
	GlobalSection(SolutionConfigurationPlatforms) = preSolution
		Debug|Any CPU = Debug|Any CPU
		Release|Any CPU = Release|Any CPU
	EndGlobalSection
	GlobalSection(ProjectConfigurationPlatforms) = postSolution
		{D0719983-F001-4FE2-9E91-C31F718A92D9}.Debug|Any CPU.ActiveCfg = Debug|Any CPU
		{D0719983-F001-4FE2-9E91-C31F718A92D9}.Debug|Any CPU.Build.0 = Debug|Any CPU
		{D0719983-F001-4FE2-9E91-C31F718A92D9}.Release|Any CPU.ActiveCfg = Release|Any CPU
		{D0719983-F001-4FE2-9E91-C31F718A92D9}.Release|Any CPU.Build.0 = Release|Any CPU
		{011DA01A-6194-4D5D-83A6-702E1411AED3}.Debug|Any CPU.ActiveCfg = Debug|Any CPU
		{011DA01A-6194-4D5D-83A6-702E1411AED3}.Debug|Any CPU.Build.0 = Debug|Any CPU
		{011DA01A-6194-4D5D-83A6-702E1411AED3}.Release|Any CPU.ActiveCfg = Release|Any CPU
		{011DA01A-6194-4D5D-83A6-702E1411AED3}.Release|Any CPU.Build.0 = Release|Any CPU
		{4EE32BC6-B19B-4DC9-A3D4-011E597B6EB1}.Debug|Any CPU.ActiveCfg = Debug|Any CPU
		{4EE32BC6-B19B-4DC9-A3D4-011E597B6EB1}.Debug|Any CPU.Build.0 = Debug|Any CPU
		{4EE32BC6-B19B-4DC9-A3D4-011E597B6EB1}.Release|Any CPU.ActiveCfg = Release|Any CPU
		{4EE32BC6-B19B-4DC9-A3D4-011E597B6EB1}.Release|Any CPU.Build.0 = Release|Any CPU
	EndGlobalSection
	GlobalSection(SolutionProperties) = preSolution
		HideSolutionNode = FALSE
	EndGlobalSection
	GlobalSection(ExtensibilityGlobals) = postSolution
		SolutionGuid = {C2C75B24-5837-4A5A-9862-1170206D559A}
	EndGlobalSection
EndGlobal
